
Microsoft Visual Studio Solution File, Format Version 12.00
# Visual Studio Version 17
VisualStudioVersion = 17.0.31903.59
MinimumVisualStudioVersion = 10.0.40219.1
Project("{FAE04EC0-301F-11D3-BF4B-00C04F79EFBC}") = "API", "API\API.csproj", "{AE5C8D91-74D7-4BCF-903B-4E27110FBC89}"
EndProject
Project("{FAE04EC0-301F-11D3-BF4B-00C04F79EFBC}") = "Application", "Application\Application.csproj", "{1E5AAA82-6290-4F15-95FF-5A0AFCDAF586}"
EndProject
Project("{FAE04EC0-301F-11D3-BF4B-00C04F79EFBC}") = "Domain", "Domain\Domain.csproj", "{0A593056-62A4-400B-AF48-B762C0749E7E}"
EndProject
Project("{FAE04EC0-301F-11D3-BF4B-00C04F79EFBC}") = "Persistence", "Persistence\Persistence.csproj", "{64023439-68BA-4518-AC9A-39237AAFF578}"
EndProject
Global
	GlobalSection(SolutionConfigurationPlatforms) = preSolution
		Debug|Any CPU = Debug|Any CPU
		Debug|x64 = Debug|x64
		Debug|x86 = Debug|x86
		Release|Any CPU = Release|Any CPU
		Release|x64 = Release|x64
		Release|x86 = Release|x86
	EndGlobalSection
	GlobalSection(ProjectConfigurationPlatforms) = postSolution
		{AE5C8D91-74D7-4BCF-903B-4E27110FBC89}.Debug|Any CPU.ActiveCfg = Debug|Any CPU
		{AE5C8D91-74D7-4BCF-903B-4E27110FBC89}.Debug|Any CPU.Build.0 = Debug|Any CPU
		{AE5C8D91-74D7-4BCF-903B-4E27110FBC89}.Debug|x64.ActiveCfg = Debug|Any CPU
		{AE5C8D91-74D7-4BCF-903B-4E27110FBC89}.Debug|x64.Build.0 = Debug|Any CPU
		{AE5C8D91-74D7-4BCF-903B-4E27110FBC89}.Debug|x86.ActiveCfg = Debug|Any CPU
		{AE5C8D91-74D7-4BCF-903B-4E27110FBC89}.Debug|x86.Build.0 = Debug|Any CPU
		{AE5C8D91-74D7-4BCF-903B-4E27110FBC89}.Release|Any CPU.ActiveCfg = Release|Any CPU
		{AE5C8D91-74D7-4BCF-903B-4E27110FBC89}.Release|Any CPU.Build.0 = Release|Any CPU
		{AE5C8D91-74D7-4BCF-903B-4E27110FBC89}.Release|x64.ActiveCfg = Release|Any CPU
		{AE5C8D91-74D7-4BCF-903B-4E27110FBC89}.Release|x64.Build.0 = Release|Any CPU
		{AE5C8D91-74D7-4BCF-903B-4E27110FBC89}.Release|x86.ActiveCfg = Release|Any CPU
		{AE5C8D91-74D7-4BCF-903B-4E27110FBC89}.Release|x86.Build.0 = Release|Any CPU
		{1E5AAA82-6290-4F15-95FF-5A0AFCDAF586}.Debug|Any CPU.ActiveCfg = Debug|Any CPU
		{1E5AAA82-6290-4F15-95FF-5A0AFCDAF586}.Debug|Any CPU.Build.0 = Debug|Any CPU
		{1E5AAA82-6290-4F15-95FF-5A0AFCDAF586}.Debug|x64.ActiveCfg = Debug|Any CPU
		{1E5AAA82-6290-4F15-95FF-5A0AFCDAF586}.Debug|x64.Build.0 = Debug|Any CPU
		{1E5AAA82-6290-4F15-95FF-5A0AFCDAF586}.Debug|x86.ActiveCfg = Debug|Any CPU
		{1E5AAA82-6290-4F15-95FF-5A0AFCDAF586}.Debug|x86.Build.0 = Debug|Any CPU
		{1E5AAA82-6290-4F15-95FF-5A0AFCDAF586}.Release|Any CPU.ActiveCfg = Release|Any CPU
		{1E5AAA82-6290-4F15-95FF-5A0AFCDAF586}.Release|Any CPU.Build.0 = Release|Any CPU
		{1E5AAA82-6290-4F15-95FF-5A0AFCDAF586}.Release|x64.ActiveCfg = Release|Any CPU
		{1E5AAA82-6290-4F15-95FF-5A0AFCDAF586}.Release|x64.Build.0 = Release|Any CPU
		{1E5AAA82-6290-4F15-95FF-5A0AFCDAF586}.Release|x86.ActiveCfg = Release|Any CPU
		{1E5AAA82-6290-4F15-95FF-5A0AFCDAF586}.Release|x86.Build.0 = Release|Any CPU
		{0A593056-62A4-400B-AF48-B762C0749E7E}.Debug|Any CPU.ActiveCfg = Debug|Any CPU
		{0A593056-62A4-400B-AF48-B762C0749E7E}.Debug|Any CPU.Build.0 = Debug|Any CPU
		{0A593056-62A4-400B-AF48-B762C0749E7E}.Debug|x64.ActiveCfg = Debug|Any CPU
		{0A593056-62A4-400B-AF48-B762C0749E7E}.Debug|x64.Build.0 = Debug|Any CPU
		{0A593056-62A4-400B-AF48-B762C0749E7E}.Debug|x86.ActiveCfg = Debug|Any CPU
		{0A593056-62A4-400B-AF48-B762C0749E7E}.Debug|x86.Build.0 = Debug|Any CPU
		{0A593056-62A4-400B-AF48-B762C0749E7E}.Release|Any CPU.ActiveCfg = Release|Any CPU
		{0A593056-62A4-400B-AF48-B762C0749E7E}.Release|Any CPU.Build.0 = Release|Any CPU
		{0A593056-62A4-400B-AF48-B762C0749E7E}.Release|x64.ActiveCfg = Release|Any CPU
		{0A593056-62A4-400B-AF48-B762C0749E7E}.Release|x64.Build.0 = Release|Any CPU
		{0A593056-62A4-400B-AF48-B762C0749E7E}.Release|x86.ActiveCfg = Release|Any CPU
		{0A593056-62A4-400B-AF48-B762C0749E7E}.Release|x86.Build.0 = Release|Any CPU
		{64023439-68BA-4518-AC9A-39237AAFF578}.Debug|Any CPU.ActiveCfg = Debug|Any CPU
		{64023439-68BA-4518-AC9A-39237AAFF578}.Debug|Any CPU.Build.0 = Debug|Any CPU
		{64023439-68BA-4518-AC9A-39237AAFF578}.Debug|x64.ActiveCfg = Debug|Any CPU
		{64023439-68BA-4518-AC9A-39237AAFF578}.Debug|x64.Build.0 = Debug|Any CPU
		{64023439-68BA-4518-AC9A-39237AAFF578}.Debug|x86.ActiveCfg = Debug|Any CPU
		{64023439-68BA-4518-AC9A-39237AAFF578}.Debug|x86.Build.0 = Debug|Any CPU
		{64023439-68BA-4518-AC9A-39237AAFF578}.Release|Any CPU.ActiveCfg = Release|Any CPU
		{64023439-68BA-4518-AC9A-39237AAFF578}.Release|Any CPU.Build.0 = Release|Any CPU
		{64023439-68BA-4518-AC9A-39237AAFF578}.Release|x64.ActiveCfg = Release|Any CPU
		{64023439-68BA-4518-AC9A-39237AAFF578}.Release|x64.Build.0 = Release|Any CPU
		{64023439-68BA-4518-AC9A-39237AAFF578}.Release|x86.ActiveCfg = Release|Any CPU
		{64023439-68BA-4518-AC9A-39237AAFF578}.Release|x86.Build.0 = Release|Any CPU
	EndGlobalSection
	GlobalSection(SolutionProperties) = preSolution
		HideSolutionNode = FALSE
	EndGlobalSection
EndGlobal
